// !$*UTF8*$!
{
	archiveVersion = 1;
	classes = {
	};
	objectVersion = 55;
	objects = {

/* Begin PBXBuildFile section */
		0A013979281233C200392CD9 /* HashTable.swift in Sources */ = {isa = PBXBuildFile; fileRef = 0A013978281233C200392CD9 /* HashTable.swift */; };
		0A0B0FBB281274FF009AF53C /* ConsoleViewController.swift in Sources */ = {isa = PBXBuildFile; fileRef = 0A0B0FBA281274FF009AF53C /* ConsoleViewController.swift */; };
		0A3D98F928078A4D00C0708A /* AppDelegate.swift in Sources */ = {isa = PBXBuildFile; fileRef = 0A3D98F828078A4D00C0708A /* AppDelegate.swift */; };
		0A3D98FB28078A4D00C0708A /* SceneDelegate.swift in Sources */ = {isa = PBXBuildFile; fileRef = 0A3D98FA28078A4D00C0708A /* SceneDelegate.swift */; };
		0A3D98FD28078A4D00C0708A /* ViewController.swift in Sources */ = {isa = PBXBuildFile; fileRef = 0A3D98FC28078A4D00C0708A /* ViewController.swift */; };
		0A3D990028078A4D00C0708A /* Main.storyboard in Resources */ = {isa = PBXBuildFile; fileRef = 0A3D98FE28078A4D00C0708A /* Main.storyboard */; };
		0A3D990228078A4E00C0708A /* Assets.xcassets in Resources */ = {isa = PBXBuildFile; fileRef = 0A3D990128078A4E00C0708A /* Assets.xcassets */; };
		0A3D990528078A4E00C0708A /* LaunchScreen.storyboard in Resources */ = {isa = PBXBuildFile; fileRef = 0A3D990328078A4E00C0708A /* LaunchScreen.storyboard */; };
		0A3D991028078A4E00C0708A /* progryTests.swift in Sources */ = {isa = PBXBuildFile; fileRef = 0A3D990F28078A4E00C0708A /* progryTests.swift */; };
		0A3D991A28078A4E00C0708A /* progryUITests.swift in Sources */ = {isa = PBXBuildFile; fileRef = 0A3D991928078A4E00C0708A /* progryUITests.swift */; };
		0A3D991C28078A4E00C0708A /* progryUITestsLaunchTests.swift in Sources */ = {isa = PBXBuildFile; fileRef = 0A3D991B28078A4E00C0708A /* progryUITestsLaunchTests.swift */; };
		0A67C0D52810D93E0084A77F /* Variable.swift in Sources */ = {isa = PBXBuildFile; fileRef = 0A67C0D42810D93E0084A77F /* Variable.swift */; };
		0A67C0DD2810E3030084A77F /* Module.swift in Sources */ = {isa = PBXBuildFile; fileRef = 0A67C0DC2810E3030084A77F /* Module.swift */; };
		0A67C0E5281110D10084A77F /* Interpreter.swift in Sources */ = {isa = PBXBuildFile; fileRef = 0A67C0E4281110D10084A77F /* Interpreter.swift */; };
		0A67C0E7281111220084A77F /* Instruction.swift in Sources */ = {isa = PBXBuildFile; fileRef = 0A67C0E6281111220084A77F /* Instruction.swift */; };
		0A67C0E9281112740084A77F /* Autogen in Resources */ = {isa = PBXBuildFile; fileRef = 0A67C0E8281112740084A77F /* Autogen */; };
		0A67C0EB281129F30084A77F /* RuntimeError.swift in Sources */ = {isa = PBXBuildFile; fileRef = 0A67C0EA281129F30084A77F /* RuntimeError.swift */; };
		0A67C0ED28112A1B0084A77F /* VirtualMachine.swift in Sources */ = {isa = PBXBuildFile; fileRef = 0A67C0EC28112A1B0084A77F /* VirtualMachine.swift */; };
		0A67C0EF28112A930084A77F /* ProgryParserWrapper.swift in Sources */ = {isa = PBXBuildFile; fileRef = 0A67C0EE28112A930084A77F /* ProgryParserWrapper.swift */; };
		0A67C0F7281130EA0084A77F /* Autogen in Sources */ = {isa = PBXBuildFile; fileRef = 0A67C0E8281112740084A77F /* Autogen */; };
		0A67C0F9281131370084A77F /* ProgryBaseListener.swift in Sources */ = {isa = PBXBuildFile; fileRef = 0A67C0F8281131370084A77F /* ProgryBaseListener.swift */; };
		0A67C0FB2811314C0084A77F /* ProgryParser.swift in Sources */ = {isa = PBXBuildFile; fileRef = 0A67C0FA2811314C0084A77F /* ProgryParser.swift */; };
		0A8D07C4281E0F9400CFDECA /* Quadruples.swift in Sources */ = {isa = PBXBuildFile; fileRef = 0A8D07C3281E0F9400CFDECA /* Quadruples.swift */; };
		0AAD704E281B2350003EC1A9 /* TypeMatch.swift in Sources */ = {isa = PBXBuildFile; fileRef = 0AAD704D281B2350003EC1A9 /* TypeMatch.swift */; };
		0AEEAFDE2811A9FB0029EA6C /* ProgryLexer.swift in Sources */ = {isa = PBXBuildFile; fileRef = 0AEEAFDA2811A9FB0029EA6C /* ProgryLexer.swift */; };
		0AEEAFE02811A9FF0029EA6C /* ProgryListener.swift in Sources */ = {isa = PBXBuildFile; fileRef = 0AEEAFDF2811A9FF0029EA6C /* ProgryListener.swift */; };
		0AF3CF9F281293CD00E81192 /* Antlr4.framework in Frameworks */ = {isa = PBXBuildFile; fileRef = 0A3D9930280799C200C0708A /* Antlr4.framework */; };
		0AF3CFA2281293D000E81192 /* Pods_progry.framework in Frameworks */ = {isa = PBXBuildFile; fileRef = 621AB95A4927C23EA2B2E92D /* Pods_progry.framework */; };
		83B2CAB6F84EB3DA0D96FE1F /* Pods_progry_progryUITests.framework in Frameworks */ = {isa = PBXBuildFile; fileRef = 7BABC97A75CDA9FF65797F4F /* Pods_progry_progryUITests.framework */; };
		F01E1214A8BF6A639EFC7A28 /* Pods_progryTests.framework in Frameworks */ = {isa = PBXBuildFile; fileRef = 96B389DF74E8DBBF7C78CF83 /* Pods_progryTests.framework */; };
/* End PBXBuildFile section */

/* Begin PBXContainerItemProxy section */
		0A3D990C28078A4E00C0708A /* PBXContainerItemProxy */ = {
			isa = PBXContainerItemProxy;
			containerPortal = 0A3D98ED28078A4D00C0708A /* Project object */;
			proxyType = 1;
			remoteGlobalIDString = 0A3D98F428078A4D00C0708A;
			remoteInfo = progry;
		};
		0A3D991628078A4E00C0708A /* PBXContainerItemProxy */ = {
			isa = PBXContainerItemProxy;
			containerPortal = 0A3D98ED28078A4D00C0708A /* Project object */;
			proxyType = 1;
			remoteGlobalIDString = 0A3D98F428078A4D00C0708A;
			remoteInfo = progry;
		};
		0A3D992F280799C200C0708A /* PBXContainerItemProxy */ = {
			isa = PBXContainerItemProxy;
			containerPortal = 0A3D9928280799C200C0708A /* Antlr4.xcodeproj */;
			proxyType = 2;
			remoteGlobalIDString = "Antlr4::Antlr4::Product";
			remoteInfo = Antlr4;
		};
		0A3D9931280799C200C0708A /* PBXContainerItemProxy */ = {
			isa = PBXContainerItemProxy;
			containerPortal = 0A3D9928280799C200C0708A /* Antlr4.xcodeproj */;
			proxyType = 2;
			remoteGlobalIDString = "Antlr4::Antlr4Tests::Product";
			remoteInfo = Antlr4Tests;
		};
		0A3D993528079A3A00C0708A /* PBXContainerItemProxy */ = {
			isa = PBXContainerItemProxy;
			containerPortal = 0A3D9928280799C200C0708A /* Antlr4.xcodeproj */;
			proxyType = 1;
			remoteGlobalIDString = "Antlr4::Antlr4";
			remoteInfo = Antlr4;
		};
/* End PBXContainerItemProxy section */

/* Begin PBXFileReference section */
		0A013978281233C200392CD9 /* HashTable.swift */ = {isa = PBXFileReference; lastKnownFileType = sourcecode.swift; path = HashTable.swift; sourceTree = "<group>"; };
		0A0B0FBA281274FF009AF53C /* ConsoleViewController.swift */ = {isa = PBXFileReference; lastKnownFileType = sourcecode.swift; path = ConsoleViewController.swift; sourceTree = "<group>"; };
		0A3D98F528078A4D00C0708A /* progry.app */ = {isa = PBXFileReference; explicitFileType = wrapper.application; includeInIndex = 0; path = progry.app; sourceTree = BUILT_PRODUCTS_DIR; };
		0A3D98F828078A4D00C0708A /* AppDelegate.swift */ = {isa = PBXFileReference; lastKnownFileType = sourcecode.swift; path = AppDelegate.swift; sourceTree = "<group>"; };
		0A3D98FA28078A4D00C0708A /* SceneDelegate.swift */ = {isa = PBXFileReference; lastKnownFileType = sourcecode.swift; path = SceneDelegate.swift; sourceTree = "<group>"; };
		0A3D98FC28078A4D00C0708A /* ViewController.swift */ = {isa = PBXFileReference; lastKnownFileType = sourcecode.swift; path = ViewController.swift; sourceTree = "<group>"; };
		0A3D98FF28078A4D00C0708A /* Base */ = {isa = PBXFileReference; lastKnownFileType = file.storyboard; name = Base; path = Base.lproj/Main.storyboard; sourceTree = "<group>"; };
		0A3D990128078A4E00C0708A /* Assets.xcassets */ = {isa = PBXFileReference; lastKnownFileType = folder.assetcatalog; path = Assets.xcassets; sourceTree = "<group>"; };
		0A3D990428078A4E00C0708A /* Base */ = {isa = PBXFileReference; lastKnownFileType = file.storyboard; name = Base; path = Base.lproj/LaunchScreen.storyboard; sourceTree = "<group>"; };
		0A3D990628078A4E00C0708A /* Info.plist */ = {isa = PBXFileReference; lastKnownFileType = text.plist.xml; path = Info.plist; sourceTree = "<group>"; };
		0A3D990B28078A4E00C0708A /* progryTests.xctest */ = {isa = PBXFileReference; explicitFileType = wrapper.cfbundle; includeInIndex = 0; path = progryTests.xctest; sourceTree = BUILT_PRODUCTS_DIR; };
		0A3D990F28078A4E00C0708A /* progryTests.swift */ = {isa = PBXFileReference; lastKnownFileType = sourcecode.swift; path = progryTests.swift; sourceTree = "<group>"; };
		0A3D991528078A4E00C0708A /* progryUITests.xctest */ = {isa = PBXFileReference; explicitFileType = wrapper.cfbundle; includeInIndex = 0; path = progryUITests.xctest; sourceTree = BUILT_PRODUCTS_DIR; };
		0A3D991928078A4E00C0708A /* progryUITests.swift */ = {isa = PBXFileReference; lastKnownFileType = sourcecode.swift; path = progryUITests.swift; sourceTree = "<group>"; };
		0A3D991B28078A4E00C0708A /* progryUITestsLaunchTests.swift */ = {isa = PBXFileReference; lastKnownFileType = sourcecode.swift; path = progryUITestsLaunchTests.swift; sourceTree = "<group>"; };
		0A3D9928280799C200C0708A /* Antlr4.xcodeproj */ = {isa = PBXFileReference; lastKnownFileType = "wrapper.pb-project"; name = Antlr4.xcodeproj; path = ../antlr4/Antlr4.xcodeproj; sourceTree = "<group>"; };
		0A67C0D42810D93E0084A77F /* Variable.swift */ = {isa = PBXFileReference; lastKnownFileType = sourcecode.swift; path = Variable.swift; sourceTree = "<group>"; };
		0A67C0DC2810E3030084A77F /* Module.swift */ = {isa = PBXFileReference; lastKnownFileType = sourcecode.swift; path = Module.swift; sourceTree = "<group>"; };
		0A67C0E4281110D10084A77F /* Interpreter.swift */ = {isa = PBXFileReference; lastKnownFileType = sourcecode.swift; path = Interpreter.swift; sourceTree = "<group>"; };
		0A67C0E6281111220084A77F /* Instruction.swift */ = {isa = PBXFileReference; lastKnownFileType = sourcecode.swift; path = Instruction.swift; sourceTree = "<group>"; };
		0A67C0E8281112740084A77F /* Autogen */ = {isa = PBXFileReference; lastKnownFileType = folder; path = Autogen; sourceTree = "<group>"; };
		0A67C0EA281129F30084A77F /* RuntimeError.swift */ = {isa = PBXFileReference; lastKnownFileType = sourcecode.swift; path = RuntimeError.swift; sourceTree = "<group>"; };
		0A67C0EC28112A1B0084A77F /* VirtualMachine.swift */ = {isa = PBXFileReference; lastKnownFileType = sourcecode.swift; path = VirtualMachine.swift; sourceTree = "<group>"; };
		0A67C0EE28112A930084A77F /* ProgryParserWrapper.swift */ = {isa = PBXFileReference; lastKnownFileType = sourcecode.swift; path = ProgryParserWrapper.swift; sourceTree = "<group>"; };
		0A67C0F8281131370084A77F /* ProgryBaseListener.swift */ = {isa = PBXFileReference; lastKnownFileType = sourcecode.swift; path = ProgryBaseListener.swift; sourceTree = "<group>"; };
		0A67C0FA2811314C0084A77F /* ProgryParser.swift */ = {isa = PBXFileReference; lastKnownFileType = sourcecode.swift; path = ProgryParser.swift; sourceTree = "<group>"; };
		0A8D07C3281E0F9400CFDECA /* Quadruples.swift */ = {isa = PBXFileReference; lastKnownFileType = sourcecode.swift; path = Quadruples.swift; sourceTree = "<group>"; };
		0AAD704D281B2350003EC1A9 /* TypeMatch.swift */ = {isa = PBXFileReference; lastKnownFileType = sourcecode.swift; path = TypeMatch.swift; sourceTree = "<group>"; };
		0AEEAFDA2811A9FB0029EA6C /* ProgryLexer.swift */ = {isa = PBXFileReference; lastKnownFileType = sourcecode.swift; path = ProgryLexer.swift; sourceTree = "<group>"; };
		0AEEAFDF2811A9FF0029EA6C /* ProgryListener.swift */ = {isa = PBXFileReference; lastKnownFileType = sourcecode.swift; path = ProgryListener.swift; sourceTree = "<group>"; };
		0E907580DF5AF6BAA20891E1 /* Pods-progry.debug.xcconfig */ = {isa = PBXFileReference; includeInIndex = 1; lastKnownFileType = text.xcconfig; name = "Pods-progry.debug.xcconfig"; path = "Target Support Files/Pods-progry/Pods-progry.debug.xcconfig"; sourceTree = "<group>"; };
		1F99F19D268F7652BC217F9A /* Pods-progryTests.release.xcconfig */ = {isa = PBXFileReference; includeInIndex = 1; lastKnownFileType = text.xcconfig; name = "Pods-progryTests.release.xcconfig"; path = "Target Support Files/Pods-progryTests/Pods-progryTests.release.xcconfig"; sourceTree = "<group>"; };
		621AB95A4927C23EA2B2E92D /* Pods_progry.framework */ = {isa = PBXFileReference; explicitFileType = wrapper.framework; includeInIndex = 0; path = Pods_progry.framework; sourceTree = BUILT_PRODUCTS_DIR; };
		7BABC97A75CDA9FF65797F4F /* Pods_progry_progryUITests.framework */ = {isa = PBXFileReference; explicitFileType = wrapper.framework; includeInIndex = 0; path = Pods_progry_progryUITests.framework; sourceTree = BUILT_PRODUCTS_DIR; };
		96B19DCC777D9B9AE903824C /* Pods-progryTests.debug.xcconfig */ = {isa = PBXFileReference; includeInIndex = 1; lastKnownFileType = text.xcconfig; name = "Pods-progryTests.debug.xcconfig"; path = "Target Support Files/Pods-progryTests/Pods-progryTests.debug.xcconfig"; sourceTree = "<group>"; };
		96B389DF74E8DBBF7C78CF83 /* Pods_progryTests.framework */ = {isa = PBXFileReference; explicitFileType = wrapper.framework; includeInIndex = 0; path = Pods_progryTests.framework; sourceTree = BUILT_PRODUCTS_DIR; };
		E510234E12405F7957BFAC0C /* Pods-progry-progryUITests.debug.xcconfig */ = {isa = PBXFileReference; includeInIndex = 1; lastKnownFileType = text.xcconfig; name = "Pods-progry-progryUITests.debug.xcconfig"; path = "Target Support Files/Pods-progry-progryUITests/Pods-progry-progryUITests.debug.xcconfig"; sourceTree = "<group>"; };
		F44802A5CDE738C9468C7778 /* Pods-progry.release.xcconfig */ = {isa = PBXFileReference; includeInIndex = 1; lastKnownFileType = text.xcconfig; name = "Pods-progry.release.xcconfig"; path = "Target Support Files/Pods-progry/Pods-progry.release.xcconfig"; sourceTree = "<group>"; };
		F5D919CA54539BA766D2A649 /* Pods-progry-progryUITests.release.xcconfig */ = {isa = PBXFileReference; includeInIndex = 1; lastKnownFileType = text.xcconfig; name = "Pods-progry-progryUITests.release.xcconfig"; path = "Target Support Files/Pods-progry-progryUITests/Pods-progry-progryUITests.release.xcconfig"; sourceTree = "<group>"; };
/* End PBXFileReference section */

/* Begin PBXFrameworksBuildPhase section */
		0A3D98F228078A4D00C0708A /* Frameworks */ = {
			isa = PBXFrameworksBuildPhase;
			buildActionMask = 2147483647;
			files = (
				0AF3CF9F281293CD00E81192 /* Antlr4.framework in Frameworks */,
				0AF3CFA2281293D000E81192 /* Pods_progry.framework in Frameworks */,
			);
			runOnlyForDeploymentPostprocessing = 0;
		};
		0A3D990828078A4E00C0708A /* Frameworks */ = {
			isa = PBXFrameworksBuildPhase;
			buildActionMask = 2147483647;
			files = (
				F01E1214A8BF6A639EFC7A28 /* Pods_progryTests.framework in Frameworks */,
			);
			runOnlyForDeploymentPostprocessing = 0;
		};
		0A3D991228078A4E00C0708A /* Frameworks */ = {
			isa = PBXFrameworksBuildPhase;
			buildActionMask = 2147483647;
			files = (
				83B2CAB6F84EB3DA0D96FE1F /* Pods_progry_progryUITests.framework in Frameworks */,
			);
			runOnlyForDeploymentPostprocessing = 0;
		};
/* End PBXFrameworksBuildPhase section */

/* Begin PBXGroup section */
		0A3D98EC28078A4D00C0708A = {
			isa = PBXGroup;
			children = (
				0A3D9928280799C200C0708A /* Antlr4.xcodeproj */,
				0A3D98F728078A4D00C0708A /* progry */,
				0A3D990E28078A4E00C0708A /* progryTests */,
				0A3D991828078A4E00C0708A /* progryUITests */,
				0A3D98F628078A4D00C0708A /* Products */,
				0A3D993728079A4C00C0708A /* Frameworks */,
				464E552CD0933D46BC425AB8 /* Pods */,
			);
			sourceTree = "<group>";
		};
		0A3D98F628078A4D00C0708A /* Products */ = {
			isa = PBXGroup;
			children = (
				0A3D98F528078A4D00C0708A /* progry.app */,
				0A3D990B28078A4E00C0708A /* progryTests.xctest */,
				0A3D991528078A4E00C0708A /* progryUITests.xctest */,
			);
			name = Products;
			sourceTree = "<group>";
		};
		0A3D98F728078A4D00C0708A /* progry */ = {
			isa = PBXGroup;
			children = (
				0A67C0E3281110A40084A77F /* Interpreter */,
				0A67C0E2281110930084A77F /* Grammar */,
				0A67C0D32810D8180084A77F /* Models */,
				0A3D98F828078A4D00C0708A /* AppDelegate.swift */,
				0A3D98FA28078A4D00C0708A /* SceneDelegate.swift */,
				0A3D98FC28078A4D00C0708A /* ViewController.swift */,
				0A0B0FBA281274FF009AF53C /* ConsoleViewController.swift */,
				0A3D98FE28078A4D00C0708A /* Main.storyboard */,
				0A3D990128078A4E00C0708A /* Assets.xcassets */,
				0A3D990328078A4E00C0708A /* LaunchScreen.storyboard */,
				0A3D990628078A4E00C0708A /* Info.plist */,
			);
			path = progry;
			sourceTree = "<group>";
		};
		0A3D990E28078A4E00C0708A /* progryTests */ = {
			isa = PBXGroup;
			children = (
				0A3D990F28078A4E00C0708A /* progryTests.swift */,
			);
			path = progryTests;
			sourceTree = "<group>";
		};
		0A3D991828078A4E00C0708A /* progryUITests */ = {
			isa = PBXGroup;
			children = (
				0A3D991928078A4E00C0708A /* progryUITests.swift */,
				0A3D991B28078A4E00C0708A /* progryUITestsLaunchTests.swift */,
			);
			path = progryUITests;
			sourceTree = "<group>";
		};
		0A3D9929280799C200C0708A /* Products */ = {
			isa = PBXGroup;
			children = (
				0A3D9930280799C200C0708A /* Antlr4.framework */,
				0A3D9932280799C200C0708A /* Antlr4Tests.xctest */,
			);
			name = Products;
			sourceTree = "<group>";
		};
		0A3D993728079A4C00C0708A /* Frameworks */ = {
			isa = PBXGroup;
			children = (
				621AB95A4927C23EA2B2E92D /* Pods_progry.framework */,
				7BABC97A75CDA9FF65797F4F /* Pods_progry_progryUITests.framework */,
				96B389DF74E8DBBF7C78CF83 /* Pods_progryTests.framework */,
			);
			name = Frameworks;
			sourceTree = "<group>";
		};
		0A67C0D32810D8180084A77F /* Models */ = {
			isa = PBXGroup;
			children = (
				0A013978281233C200392CD9 /* HashTable.swift */,
				0A67C0D42810D93E0084A77F /* Variable.swift */,
				0A67C0DC2810E3030084A77F /* Module.swift */,
				0AAD704D281B2350003EC1A9 /* TypeMatch.swift */,
				0A8D07C3281E0F9400CFDECA /* Quadruples.swift */,
			);
			path = Models;
			sourceTree = "<group>";
		};
		0A67C0E2281110930084A77F /* Grammar */ = {
			isa = PBXGroup;
			children = (
				0A67C0E8281112740084A77F /* Autogen */,
			);
			path = Grammar;
			sourceTree = "<group>";
		};
		0A67C0E3281110A40084A77F /* Interpreter */ = {
			isa = PBXGroup;
			children = (
				0AEEAFDF2811A9FF0029EA6C /* ProgryListener.swift */,
				0AEEAFDA2811A9FB0029EA6C /* ProgryLexer.swift */,
				0A67C0FA2811314C0084A77F /* ProgryParser.swift */,
				0A67C0F8281131370084A77F /* ProgryBaseListener.swift */,
				0A67C0E4281110D10084A77F /* Interpreter.swift */,
				0A67C0E6281111220084A77F /* Instruction.swift */,
				0A67C0EA281129F30084A77F /* RuntimeError.swift */,
				0A67C0EC28112A1B0084A77F /* VirtualMachine.swift */,
				0A67C0EE28112A930084A77F /* ProgryParserWrapper.swift */,
			);
			path = Interpreter;
			sourceTree = "<group>";
		};
		464E552CD0933D46BC425AB8 /* Pods */ = {
			isa = PBXGroup;
			children = (
				0E907580DF5AF6BAA20891E1 /* Pods-progry.debug.xcconfig */,
				F44802A5CDE738C9468C7778 /* Pods-progry.release.xcconfig */,
				E510234E12405F7957BFAC0C /* Pods-progry-progryUITests.debug.xcconfig */,
				F5D919CA54539BA766D2A649 /* Pods-progry-progryUITests.release.xcconfig */,
				96B19DCC777D9B9AE903824C /* Pods-progryTests.debug.xcconfig */,
				1F99F19D268F7652BC217F9A /* Pods-progryTests.release.xcconfig */,
			);
			path = Pods;
			sourceTree = "<group>";
		};
/* End PBXGroup section */

/* Begin PBXNativeTarget section */
		0A3D98F428078A4D00C0708A /* progry */ = {
			isa = PBXNativeTarget;
			buildConfigurationList = 0A3D991F28078A4E00C0708A /* Build configuration list for PBXNativeTarget "progry" */;
			buildPhases = (
				932138551B4D650FECD3EAEF /* [CP] Check Pods Manifest.lock */,
				0A3D98F128078A4D00C0708A /* Sources */,
				0A3D98F228078A4D00C0708A /* Frameworks */,
				0A3D98F328078A4D00C0708A /* Resources */,
				17A1E7CD22CB40F82073EA48 /* [CP] Embed Pods Frameworks */,
			);
			buildRules = (
			);
			dependencies = (
				0A3D993628079A3A00C0708A /* PBXTargetDependency */,
			);
			name = progry;
			productName = progry;
			productReference = 0A3D98F528078A4D00C0708A /* progry.app */;
			productType = "com.apple.product-type.application";
		};
		0A3D990A28078A4E00C0708A /* progryTests */ = {
			isa = PBXNativeTarget;
			buildConfigurationList = 0A3D992228078A4E00C0708A /* Build configuration list for PBXNativeTarget "progryTests" */;
			buildPhases = (
				56E1A5A8C37FAE7B8EBFABB3 /* [CP] Check Pods Manifest.lock */,
				0A3D990728078A4E00C0708A /* Sources */,
				0A3D990828078A4E00C0708A /* Frameworks */,
				0A3D990928078A4E00C0708A /* Resources */,
			);
			buildRules = (
			);
			dependencies = (
				0A3D990D28078A4E00C0708A /* PBXTargetDependency */,
			);
			name = progryTests;
			productName = progryTests;
			productReference = 0A3D990B28078A4E00C0708A /* progryTests.xctest */;
			productType = "com.apple.product-type.bundle.unit-test";
		};
		0A3D991428078A4E00C0708A /* progryUITests */ = {
			isa = PBXNativeTarget;
			buildConfigurationList = 0A3D992528078A4E00C0708A /* Build configuration list for PBXNativeTarget "progryUITests" */;
			buildPhases = (
				E1C9B821DE7B97D0E676371F /* [CP] Check Pods Manifest.lock */,
				0A3D991128078A4E00C0708A /* Sources */,
				0A3D991228078A4E00C0708A /* Frameworks */,
				0A3D991328078A4E00C0708A /* Resources */,
				7C5E6D241407CE0DF4208AA1 /* [CP] Embed Pods Frameworks */,
			);
			buildRules = (
			);
			dependencies = (
				0A3D991728078A4E00C0708A /* PBXTargetDependency */,
			);
			name = progryUITests;
			productName = progryUITests;
			productReference = 0A3D991528078A4E00C0708A /* progryUITests.xctest */;
			productType = "com.apple.product-type.bundle.ui-testing";
		};
/* End PBXNativeTarget section */

/* Begin PBXProject section */
		0A3D98ED28078A4D00C0708A /* Project object */ = {
			isa = PBXProject;
			attributes = {
				BuildIndependentTargetsInParallel = 1;
				LastSwiftUpdateCheck = 1310;
				LastUpgradeCheck = 1310;
				TargetAttributes = {
					0A3D98F428078A4D00C0708A = {
						CreatedOnToolsVersion = 13.1;
					};
					0A3D990A28078A4E00C0708A = {
						CreatedOnToolsVersion = 13.1;
						TestTargetID = 0A3D98F428078A4D00C0708A;
					};
					0A3D991428078A4E00C0708A = {
						CreatedOnToolsVersion = 13.1;
						TestTargetID = 0A3D98F428078A4D00C0708A;
					};
				};
			};
			buildConfigurationList = 0A3D98F028078A4D00C0708A /* Build configuration list for PBXProject "progry" */;
			compatibilityVersion = "Xcode 13.0";
			developmentRegion = en;
			hasScannedForEncodings = 0;
			knownRegions = (
				en,
				Base,
			);
			mainGroup = 0A3D98EC28078A4D00C0708A;
			productRefGroup = 0A3D98F628078A4D00C0708A /* Products */;
			projectDirPath = "";
			projectReferences = (
				{
					ProductGroup = 0A3D9929280799C200C0708A /* Products */;
					ProjectRef = 0A3D9928280799C200C0708A /* Antlr4.xcodeproj */;
				},
			);
			projectRoot = "";
			targets = (
				0A3D98F428078A4D00C0708A /* progry */,
				0A3D990A28078A4E00C0708A /* progryTests */,
				0A3D991428078A4E00C0708A /* progryUITests */,
			);
		};
/* End PBXProject section */

/* Begin PBXReferenceProxy section */
		0A3D9930280799C200C0708A /* Antlr4.framework */ = {
			isa = PBXReferenceProxy;
			fileType = wrapper.framework;
			path = Antlr4.framework;
			remoteRef = 0A3D992F280799C200C0708A /* PBXContainerItemProxy */;
			sourceTree = BUILT_PRODUCTS_DIR;
		};
		0A3D9932280799C200C0708A /* Antlr4Tests.xctest */ = {
			isa = PBXReferenceProxy;
			fileType = file;
			path = Antlr4Tests.xctest;
			remoteRef = 0A3D9931280799C200C0708A /* PBXContainerItemProxy */;
			sourceTree = BUILT_PRODUCTS_DIR;
		};
/* End PBXReferenceProxy section */

/* Begin PBXResourcesBuildPhase section */
		0A3D98F328078A4D00C0708A /* Resources */ = {
			isa = PBXResourcesBuildPhase;
			buildActionMask = 2147483647;
			files = (
				0A3D990528078A4E00C0708A /* LaunchScreen.storyboard in Resources */,
				0A3D990228078A4E00C0708A /* Assets.xcassets in Resources */,
				0A67C0E9281112740084A77F /* Autogen in Resources */,
				0A3D990028078A4D00C0708A /* Main.storyboard in Resources */,
			);
			runOnlyForDeploymentPostprocessing = 0;
		};
		0A3D990928078A4E00C0708A /* Resources */ = {
			isa = PBXResourcesBuildPhase;
			buildActionMask = 2147483647;
			files = (
			);
			runOnlyForDeploymentPostprocessing = 0;
		};
		0A3D991328078A4E00C0708A /* Resources */ = {
			isa = PBXResourcesBuildPhase;
			buildActionMask = 2147483647;
			files = (
			);
			runOnlyForDeploymentPostprocessing = 0;
		};
/* End PBXResourcesBuildPhase section */

/* Begin PBXShellScriptBuildPhase section */
		17A1E7CD22CB40F82073EA48 /* [CP] Embed Pods Frameworks */ = {
			isa = PBXShellScriptBuildPhase;
			buildActionMask = 2147483647;
			files = (
			);
			inputFileListPaths = (
				"${PODS_ROOT}/Target Support Files/Pods-progry/Pods-progry-frameworks-${CONFIGURATION}-input-files.xcfilelist",
			);
			inputPaths = (
			);
			name = "[CP] Embed Pods Frameworks";
			outputFileListPaths = (
				"${PODS_ROOT}/Target Support Files/Pods-progry/Pods-progry-frameworks-${CONFIGURATION}-output-files.xcfilelist",
			);
			runOnlyForDeploymentPostprocessing = 0;
			shellPath = /bin/sh;
			shellScript = "\"${PODS_ROOT}/Target Support Files/Pods-progry/Pods-progry-frameworks.sh\"\n";
			showEnvVarsInLog = 0;
		};
		56E1A5A8C37FAE7B8EBFABB3 /* [CP] Check Pods Manifest.lock */ = {
			isa = PBXShellScriptBuildPhase;
			buildActionMask = 2147483647;
			files = (
			);
			inputFileListPaths = (
			);
			inputPaths = (
				"${PODS_PODFILE_DIR_PATH}/Podfile.lock",
				"${PODS_ROOT}/Manifest.lock",
			);
			name = "[CP] Check Pods Manifest.lock";
			outputFileListPaths = (
			);
			outputPaths = (
				"$(DERIVED_FILE_DIR)/Pods-progryTests-checkManifestLockResult.txt",
			);
			runOnlyForDeploymentPostprocessing = 0;
			shellPath = /bin/sh;
			shellScript = "diff \"${PODS_PODFILE_DIR_PATH}/Podfile.lock\" \"${PODS_ROOT}/Manifest.lock\" > /dev/null\nif [ $? != 0 ] ; then\n    # print error to STDERR\n    echo \"error: The sandbox is not in sync with the Podfile.lock. Run 'pod install' or update your CocoaPods installation.\" >&2\n    exit 1\nfi\n# This output is used by Xcode 'outputs' to avoid re-running this script phase.\necho \"SUCCESS\" > \"${SCRIPT_OUTPUT_FILE_0}\"\n";
			showEnvVarsInLog = 0;
		};
		7C5E6D241407CE0DF4208AA1 /* [CP] Embed Pods Frameworks */ = {
			isa = PBXShellScriptBuildPhase;
			buildActionMask = 2147483647;
			files = (
			);
			inputFileListPaths = (
				"${PODS_ROOT}/Target Support Files/Pods-progry-progryUITests/Pods-progry-progryUITests-frameworks-${CONFIGURATION}-input-files.xcfilelist",
			);
			name = "[CP] Embed Pods Frameworks";
			outputFileListPaths = (
				"${PODS_ROOT}/Target Support Files/Pods-progry-progryUITests/Pods-progry-progryUITests-frameworks-${CONFIGURATION}-output-files.xcfilelist",
			);
			runOnlyForDeploymentPostprocessing = 0;
			shellPath = /bin/sh;
			shellScript = "\"${PODS_ROOT}/Target Support Files/Pods-progry-progryUITests/Pods-progry-progryUITests-frameworks.sh\"\n";
			showEnvVarsInLog = 0;
		};
		932138551B4D650FECD3EAEF /* [CP] Check Pods Manifest.lock */ = {
			isa = PBXShellScriptBuildPhase;
			buildActionMask = 2147483647;
			files = (
			);
			inputFileListPaths = (
			);
			inputPaths = (
				"${PODS_PODFILE_DIR_PATH}/Podfile.lock",
				"${PODS_ROOT}/Manifest.lock",
			);
			name = "[CP] Check Pods Manifest.lock";
			outputFileListPaths = (
			);
			outputPaths = (
				"$(DERIVED_FILE_DIR)/Pods-progry-checkManifestLockResult.txt",
			);
			runOnlyForDeploymentPostprocessing = 0;
			shellPath = /bin/sh;
			shellScript = "diff \"${PODS_PODFILE_DIR_PATH}/Podfile.lock\" \"${PODS_ROOT}/Manifest.lock\" > /dev/null\nif [ $? != 0 ] ; then\n    # print error to STDERR\n    echo \"error: The sandbox is not in sync with the Podfile.lock. Run 'pod install' or update your CocoaPods installation.\" >&2\n    exit 1\nfi\n# This output is used by Xcode 'outputs' to avoid re-running this script phase.\necho \"SUCCESS\" > \"${SCRIPT_OUTPUT_FILE_0}\"\n";
			showEnvVarsInLog = 0;
		};
		E1C9B821DE7B97D0E676371F /* [CP] Check Pods Manifest.lock */ = {
			isa = PBXShellScriptBuildPhase;
			buildActionMask = 2147483647;
			files = (
			);
			inputFileListPaths = (
			);
			inputPaths = (
				"${PODS_PODFILE_DIR_PATH}/Podfile.lock",
				"${PODS_ROOT}/Manifest.lock",
			);
			name = "[CP] Check Pods Manifest.lock";
			outputFileListPaths = (
			);
			outputPaths = (
				"$(DERIVED_FILE_DIR)/Pods-progry-progryUITests-checkManifestLockResult.txt",
			);
			runOnlyForDeploymentPostprocessing = 0;
			shellPath = /bin/sh;
			shellScript = "diff \"${PODS_PODFILE_DIR_PATH}/Podfile.lock\" \"${PODS_ROOT}/Manifest.lock\" > /dev/null\nif [ $? != 0 ] ; then\n    # print error to STDERR\n    echo \"error: The sandbox is not in sync with the Podfile.lock. Run 'pod install' or update your CocoaPods installation.\" >&2\n    exit 1\nfi\n# This output is used by Xcode 'outputs' to avoid re-running this script phase.\necho \"SUCCESS\" > \"${SCRIPT_OUTPUT_FILE_0}\"\n";
			showEnvVarsInLog = 0;
		};
/* End PBXShellScriptBuildPhase section */

/* Begin PBXSourcesBuildPhase section */
		0A3D98F128078A4D00C0708A /* Sources */ = {
			isa = PBXSourcesBuildPhase;
			buildActionMask = 2147483647;
			files = (
				0A67C0F7281130EA0084A77F /* Autogen in Sources */,
				0A67C0FB2811314C0084A77F /* ProgryParser.swift in Sources */,
				0A67C0F9281131370084A77F /* ProgryBaseListener.swift in Sources */,
				0A0B0FBB281274FF009AF53C /* ConsoleViewController.swift in Sources */,
				0A67C0E7281111220084A77F /* Instruction.swift in Sources */,
				0A67C0E5281110D10084A77F /* Interpreter.swift in Sources */,
				0A67C0ED28112A1B0084A77F /* VirtualMachine.swift in Sources */,
				0A3D98FD28078A4D00C0708A /* ViewController.swift in Sources */,
				0A3D98F928078A4D00C0708A /* AppDelegate.swift in Sources */,
				0A67C0EF28112A930084A77F /* ProgryParserWrapper.swift in Sources */,
				0A8D07C4281E0F9400CFDECA /* Quadruples.swift in Sources */,
				0A67C0DD2810E3030084A77F /* Module.swift in Sources */,
				0A3D98FB28078A4D00C0708A /* SceneDelegate.swift in Sources */,
				0A67C0D52810D93E0084A77F /* Variable.swift in Sources */,
				0A67C0EB281129F30084A77F /* RuntimeError.swift in Sources */,
				0AEEAFE02811A9FF0029EA6C /* ProgryListener.swift in Sources */,
				0A013979281233C200392CD9 /* HashTable.swift in Sources */,
				0AEEAFDE2811A9FB0029EA6C /* ProgryLexer.swift in Sources */,
				0AAD704E281B2350003EC1A9 /* TypeMatch.swift in Sources */,
			);
			runOnlyForDeploymentPostprocessing = 0;
		};
		0A3D990728078A4E00C0708A /* Sources */ = {
			isa = PBXSourcesBuildPhase;
			buildActionMask = 2147483647;
			files = (
				0A3D991028078A4E00C0708A /* progryTests.swift in Sources */,
			);
			runOnlyForDeploymentPostprocessing = 0;
		};
		0A3D991128078A4E00C0708A /* Sources */ = {
			isa = PBXSourcesBuildPhase;
			buildActionMask = 2147483647;
			files = (
				0A3D991A28078A4E00C0708A /* progryUITests.swift in Sources */,
				0A3D991C28078A4E00C0708A /* progryUITestsLaunchTests.swift in Sources */,
			);
			runOnlyForDeploymentPostprocessing = 0;
		};
/* End PBXSourcesBuildPhase section */

/* Begin PBXTargetDependency section */
		0A3D990D28078A4E00C0708A /* PBXTargetDependency */ = {
			isa = PBXTargetDependency;
			target = 0A3D98F428078A4D00C0708A /* progry */;
			targetProxy = 0A3D990C28078A4E00C0708A /* PBXContainerItemProxy */;
		};
		0A3D991728078A4E00C0708A /* PBXTargetDependency */ = {
			isa = PBXTargetDependency;
			target = 0A3D98F428078A4D00C0708A /* progry */;
			targetProxy = 0A3D991628078A4E00C0708A /* PBXContainerItemProxy */;
		};
		0A3D993628079A3A00C0708A /* PBXTargetDependency */ = {
			isa = PBXTargetDependency;
			name = Antlr4;
			targetProxy = 0A3D993528079A3A00C0708A /* PBXContainerItemProxy */;
		};
/* End PBXTargetDependency section */

/* Begin PBXVariantGroup section */
		0A3D98FE28078A4D00C0708A /* Main.storyboard */ = {
			isa = PBXVariantGroup;
			children = (
				0A3D98FF28078A4D00C0708A /* Base */,
			);
			name = Main.storyboard;
			sourceTree = "<group>";
		};
		0A3D990328078A4E00C0708A /* LaunchScreen.storyboard */ = {
			isa = PBXVariantGroup;
			children = (
				0A3D990428078A4E00C0708A /* Base */,
			);
			name = LaunchScreen.storyboard;
			sourceTree = "<group>";
		};
/* End PBXVariantGroup section */

/* Begin XCBuildConfiguration section */
		0A3D991D28078A4E00C0708A /* Debug */ = {
			isa = XCBuildConfiguration;
			buildSettings = {
				ALWAYS_SEARCH_USER_PATHS = NO;
				CLANG_ANALYZER_NONNULL = YES;
				CLANG_ANALYZER_NUMBER_OBJECT_CONVERSION = YES_AGGRESSIVE;
				CLANG_CXX_LANGUAGE_STANDARD = "gnu++17";
				CLANG_CXX_LIBRARY = "libc++";
				CLANG_ENABLE_MODULES = YES;
				CLANG_ENABLE_OBJC_ARC = YES;
				CLANG_ENABLE_OBJC_WEAK = YES;
				CLANG_WARN_BLOCK_CAPTURE_AUTORELEASING = YES;
				CLANG_WARN_BOOL_CONVERSION = YES;
				CLANG_WARN_COMMA = YES;
				CLANG_WARN_CONSTANT_CONVERSION = YES;
				CLANG_WARN_DEPRECATED_OBJC_IMPLEMENTATIONS = YES;
				CLANG_WARN_DIRECT_OBJC_ISA_USAGE = YES_ERROR;
				CLANG_WARN_DOCUMENTATION_COMMENTS = YES;
				CLANG_WARN_EMPTY_BODY = YES;
				CLANG_WARN_ENUM_CONVERSION = YES;
				CLANG_WARN_INFINITE_RECURSION = YES;
				CLANG_WARN_INT_CONVERSION = YES;
				CLANG_WARN_NON_LITERAL_NULL_CONVERSION = YES;
				CLANG_WARN_OBJC_IMPLICIT_RETAIN_SELF = YES;
				CLANG_WARN_OBJC_LITERAL_CONVERSION = YES;
				CLANG_WARN_OBJC_ROOT_CLASS = YES_ERROR;
				CLANG_WARN_QUOTED_INCLUDE_IN_FRAMEWORK_HEADER = YES;
				CLANG_WARN_RANGE_LOOP_ANALYSIS = YES;
				CLANG_WARN_STRICT_PROTOTYPES = YES;
				CLANG_WARN_SUSPICIOUS_MOVE = YES;
				CLANG_WARN_UNGUARDED_AVAILABILITY = YES_AGGRESSIVE;
				CLANG_WARN_UNREACHABLE_CODE = YES;
				CLANG_WARN__DUPLICATE_METHOD_MATCH = YES;
				COPY_PHASE_STRIP = NO;
				DEBUG_INFORMATION_FORMAT = dwarf;
				ENABLE_STRICT_OBJC_MSGSEND = YES;
				ENABLE_TESTABILITY = YES;
				GCC_C_LANGUAGE_STANDARD = gnu11;
				GCC_DYNAMIC_NO_PIC = NO;
				GCC_NO_COMMON_BLOCKS = YES;
				GCC_OPTIMIZATION_LEVEL = 0;
				GCC_PREPROCESSOR_DEFINITIONS = (
					"DEBUG=1",
					"$(inherited)",
				);
				GCC_WARN_64_TO_32_BIT_CONVERSION = YES;
				GCC_WARN_ABOUT_RETURN_TYPE = YES_ERROR;
				GCC_WARN_UNDECLARED_SELECTOR = YES;
				GCC_WARN_UNINITIALIZED_AUTOS = YES_AGGRESSIVE;
				GCC_WARN_UNUSED_FUNCTION = YES;
				GCC_WARN_UNUSED_VARIABLE = YES;
				IPHONEOS_DEPLOYMENT_TARGET = 15.0;
				MTL_ENABLE_DEBUG_INFO = INCLUDE_SOURCE;
				MTL_FAST_MATH = YES;
				ONLY_ACTIVE_ARCH = YES;
				SDKROOT = iphoneos;
				SWIFT_ACTIVE_COMPILATION_CONDITIONS = DEBUG;
				SWIFT_OPTIMIZATION_LEVEL = "-Onone";
			};
			name = Debug;
		};
		0A3D991E28078A4E00C0708A /* Release */ = {
			isa = XCBuildConfiguration;
			buildSettings = {
				ALWAYS_SEARCH_USER_PATHS = NO;
				CLANG_ANALYZER_NONNULL = YES;
				CLANG_ANALYZER_NUMBER_OBJECT_CONVERSION = YES_AGGRESSIVE;
				CLANG_CXX_LANGUAGE_STANDARD = "gnu++17";
				CLANG_CXX_LIBRARY = "libc++";
				CLANG_ENABLE_MODULES = YES;
				CLANG_ENABLE_OBJC_ARC = YES;
				CLANG_ENABLE_OBJC_WEAK = YES;
				CLANG_WARN_BLOCK_CAPTURE_AUTORELEASING = YES;
				CLANG_WARN_BOOL_CONVERSION = YES;
				CLANG_WARN_COMMA = YES;
				CLANG_WARN_CONSTANT_CONVERSION = YES;
				CLANG_WARN_DEPRECATED_OBJC_IMPLEMENTATIONS = YES;
				CLANG_WARN_DIRECT_OBJC_ISA_USAGE = YES_ERROR;
				CLANG_WARN_DOCUMENTATION_COMMENTS = YES;
				CLANG_WARN_EMPTY_BODY = YES;
				CLANG_WARN_ENUM_CONVERSION = YES;
				CLANG_WARN_INFINITE_RECURSION = YES;
				CLANG_WARN_INT_CONVERSION = YES;
				CLANG_WARN_NON_LITERAL_NULL_CONVERSION = YES;
				CLANG_WARN_OBJC_IMPLICIT_RETAIN_SELF = YES;
				CLANG_WARN_OBJC_LITERAL_CONVERSION = YES;
				CLANG_WARN_OBJC_ROOT_CLASS = YES_ERROR;
				CLANG_WARN_QUOTED_INCLUDE_IN_FRAMEWORK_HEADER = YES;
				CLANG_WARN_RANGE_LOOP_ANALYSIS = YES;
				CLANG_WARN_STRICT_PROTOTYPES = YES;
				CLANG_WARN_SUSPICIOUS_MOVE = YES;
				CLANG_WARN_UNGUARDED_AVAILABILITY = YES_AGGRESSIVE;
				CLANG_WARN_UNREACHABLE_CODE = YES;
				CLANG_WARN__DUPLICATE_METHOD_MATCH = YES;
				COPY_PHASE_STRIP = NO;
				DEBUG_INFORMATION_FORMAT = "dwarf-with-dsym";
				ENABLE_NS_ASSERTIONS = NO;
				ENABLE_STRICT_OBJC_MSGSEND = YES;
				GCC_C_LANGUAGE_STANDARD = gnu11;
				GCC_NO_COMMON_BLOCKS = YES;
				GCC_WARN_64_TO_32_BIT_CONVERSION = YES;
				GCC_WARN_ABOUT_RETURN_TYPE = YES_ERROR;
				GCC_WARN_UNDECLARED_SELECTOR = YES;
				GCC_WARN_UNINITIALIZED_AUTOS = YES_AGGRESSIVE;
				GCC_WARN_UNUSED_FUNCTION = YES;
				GCC_WARN_UNUSED_VARIABLE = YES;
				IPHONEOS_DEPLOYMENT_TARGET = 15.0;
				MTL_ENABLE_DEBUG_INFO = NO;
				MTL_FAST_MATH = YES;
				SDKROOT = iphoneos;
				SWIFT_COMPILATION_MODE = wholemodule;
				SWIFT_OPTIMIZATION_LEVEL = "-O";
				VALIDATE_PRODUCT = YES;
			};
			name = Release;
		};
		0A3D992028078A4E00C0708A /* Debug */ = {
			isa = XCBuildConfiguration;
			baseConfigurationReference = 0E907580DF5AF6BAA20891E1 /* Pods-progry.debug.xcconfig */;
			buildSettings = {
				ASSETCATALOG_COMPILER_APPICON_NAME = AppIcon;
				ASSETCATALOG_COMPILER_GLOBAL_ACCENT_COLOR_NAME = AccentColor;
				CODE_SIGN_STYLE = Automatic;
				CURRENT_PROJECT_VERSION = 1;
				DEVELOPMENT_ASSET_PATHS = ../antlr4/Antlr4.xcodeproj;
				DEVELOPMENT_TEAM = KC62D7YPV9;
				GENERATE_INFOPLIST_FILE = YES;
				INFOPLIST_FILE = progry/Info.plist;
				INFOPLIST_KEY_CFBundleDisplayName = Progry;
				INFOPLIST_KEY_UIApplicationSupportsIndirectInputEvents = YES;
				INFOPLIST_KEY_UILaunchStoryboardName = LaunchScreen;
				INFOPLIST_KEY_UIMainStoryboardFile = Main;
				INFOPLIST_KEY_UISupportedInterfaceOrientations = UIInterfaceOrientationPortrait;
				INFOPLIST_KEY_UISupportedInterfaceOrientations_iPad = "UIInterfaceOrientationPortrait UIInterfaceOrientationPortraitUpsideDown UIInterfaceOrientationLandscapeLeft UIInterfaceOrientationLandscapeRight";
				INFOPLIST_KEY_UISupportedInterfaceOrientations_iPhone = "UIInterfaceOrientationPortrait UIInterfaceOrientationLandscapeLeft UIInterfaceOrientationLandscapeRight";
				LD_RUNPATH_SEARCH_PATHS = (
					"$(inherited)",
					"@executable_path/Frameworks",
				);
				MARKETING_VERSION = 1.0;
				PRODUCT_BUNDLE_IDENTIFIER = com.kevinduenas.progry;
				PRODUCT_NAME = "$(TARGET_NAME)";
				SWIFT_EMIT_LOC_STRINGS = YES;
				SWIFT_VERSION = 5.0;
				TARGETED_DEVICE_FAMILY = 1;
			};
			name = Debug;
		};
		0A3D992128078A4E00C0708A /* Release */ = {
			isa = XCBuildConfiguration;
			baseConfigurationReference = F44802A5CDE738C9468C7778 /* Pods-progry.release.xcconfig */;
			buildSettings = {
				ASSETCATALOG_COMPILER_APPICON_NAME = AppIcon;
				ASSETCATALOG_COMPILER_GLOBAL_ACCENT_COLOR_NAME = AccentColor;
				CODE_SIGN_STYLE = Automatic;
				CURRENT_PROJECT_VERSION = 1;
				DEVELOPMENT_ASSET_PATHS = ../antlr4/Antlr4.xcodeproj;
				DEVELOPMENT_TEAM = KC62D7YPV9;
				GENERATE_INFOPLIST_FILE = YES;
				INFOPLIST_FILE = progry/Info.plist;
				INFOPLIST_KEY_CFBundleDisplayName = Progry;
				INFOPLIST_KEY_UIApplicationSupportsIndirectInputEvents = YES;
				INFOPLIST_KEY_UILaunchStoryboardName = LaunchScreen;
				INFOPLIST_KEY_UIMainStoryboardFile = Main;
				INFOPLIST_KEY_UISupportedInterfaceOrientations = UIInterfaceOrientationPortrait;
				INFOPLIST_KEY_UISupportedInterfaceOrientations_iPad = "UIInterfaceOrientationPortrait UIInterfaceOrientationPortraitUpsideDown UIInterfaceOrientationLandscapeLeft UIInterfaceOrientationLandscapeRight";
				INFOPLIST_KEY_UISupportedInterfaceOrientations_iPhone = "UIInterfaceOrientationPortrait UIInterfaceOrientationLandscapeLeft UIInterfaceOrientationLandscapeRight";
				LD_RUNPATH_SEARCH_PATHS = (
					"$(inherited)",
					"@executable_path/Frameworks",
				);
				MARKETING_VERSION = 1.0;
				PRODUCT_BUNDLE_IDENTIFIER = com.kevinduenas.progry;
				PRODUCT_NAME = "$(TARGET_NAME)";
				SWIFT_EMIT_LOC_STRINGS = YES;
				SWIFT_VERSION = 5.0;
				TARGETED_DEVICE_FAMILY = 1;
			};
			name = Release;
		};
		0A3D992328078A4E00C0708A /* Debug */ = {
			isa = XCBuildConfiguration;
			baseConfigurationReference = 96B19DCC777D9B9AE903824C /* Pods-progryTests.debug.xcconfig */;
			buildSettings = {
				ALWAYS_EMBED_SWIFT_STANDARD_LIBRARIES = YES;
				BUNDLE_LOADER = "$(TEST_HOST)";
				CODE_SIGN_STYLE = Automatic;
				CURRENT_PROJECT_VERSION = 1;
				DEVELOPMENT_TEAM = KC62D7YPV9;
				GENERATE_INFOPLIST_FILE = YES;
				IPHONEOS_DEPLOYMENT_TARGET = 15.0;
				LD_RUNPATH_SEARCH_PATHS = (
					"$(inherited)",
					"@executable_path/Frameworks",
					"@loader_path/Frameworks",
				);
				MARKETING_VERSION = 1.0;
				PRODUCT_BUNDLE_IDENTIFIER = com.kevinduenas.progryTests;
				PRODUCT_NAME = "$(TARGET_NAME)";
				SWIFT_EMIT_LOC_STRINGS = NO;
				SWIFT_VERSION = 5.0;
				TARGETED_DEVICE_FAMILY = "1,2";
				TEST_HOST = "$(BUILT_PRODUCTS_DIR)/progry.app/progry";
			};
			name = Debug;
		};
		0A3D992428078A4E00C0708A /* Release */ = {
			isa = XCBuildConfiguration;
			baseConfigurationReference = 1F99F19D268F7652BC217F9A /* Pods-progryTests.release.xcconfig */;
			buildSettings = {
				ALWAYS_EMBED_SWIFT_STANDARD_LIBRARIES = YES;
				BUNDLE_LOADER = "$(TEST_HOST)";
				CODE_SIGN_STYLE = Automatic;
				CURRENT_PROJECT_VERSION = 1;
				DEVELOPMENT_TEAM = KC62D7YPV9;
				GENERATE_INFOPLIST_FILE = YES;
				IPHONEOS_DEPLOYMENT_TARGET = 15.0;
				LD_RUNPATH_SEARCH_PATHS = (
					"$(inherited)",
					"@executable_path/Frameworks",
					"@loader_path/Frameworks",
				);
				MARKETING_VERSION = 1.0;
				PRODUCT_BUNDLE_IDENTIFIER = com.kevinduenas.progryTests;
				PRODUCT_NAME = "$(TARGET_NAME)";
				SWIFT_EMIT_LOC_STRINGS = NO;
				SWIFT_VERSION = 5.0;
				TARGETED_DEVICE_FAMILY = "1,2";
				TEST_HOST = "$(BUILT_PRODUCTS_DIR)/progry.app/progry";
			};
			name = Release;
		};
		0A3D992628078A4E00C0708A /* Debug */ = {
			isa = XCBuildConfiguration;
			baseConfigurationReference = E510234E12405F7957BFAC0C /* Pods-progry-progryUITests.debug.xcconfig */;
			buildSettings = {
				ALWAYS_EMBED_SWIFT_STANDARD_LIBRARIES = YES;
				CODE_SIGN_STYLE = Automatic;
				CURRENT_PROJECT_VERSION = 1;
				DEVELOPMENT_TEAM = KC62D7YPV9;
				GENERATE_INFOPLIST_FILE = YES;
				LD_RUNPATH_SEARCH_PATHS = (
					"$(inherited)",
					"@executable_path/Frameworks",
					"@loader_path/Frameworks",
				);
				MARKETING_VERSION = 1.0;
				PRODUCT_BUNDLE_IDENTIFIER = com.kevinduenas.progryUITests;
				PRODUCT_NAME = "$(TARGET_NAME)";
				SWIFT_EMIT_LOC_STRINGS = NO;
				SWIFT_VERSION = 5.0;
				TARGETED_DEVICE_FAMILY = "1,2";
				TEST_TARGET_NAME = progry;
			};
			name = Debug;
		};
		0A3D992728078A4E00C0708A /* Release */ = {
			isa = XCBuildConfiguration;
			baseConfigurationReference = F5D919CA54539BA766D2A649 /* Pods-progry-progryUITests.release.xcconfig */;
			buildSettings = {
				ALWAYS_EMBED_SWIFT_STANDARD_LIBRARIES = YES;
				CODE_SIGN_STYLE = Automatic;
				CURRENT_PROJECT_VERSION = 1;
				DEVELOPMENT_TEAM = KC62D7YPV9;
				GENERATE_INFOPLIST_FILE = YES;
				LD_RUNPATH_SEARCH_PATHS = (
					"$(inherited)",
					"@executable_path/Frameworks",
					"@loader_path/Frameworks",
				);
				MARKETING_VERSION = 1.0;
				PRODUCT_BUNDLE_IDENTIFIER = com.kevinduenas.progryUITests;
				PRODUCT_NAME = "$(TARGET_NAME)";
				SWIFT_EMIT_LOC_STRINGS = NO;
				SWIFT_VERSION = 5.0;
				TARGETED_DEVICE_FAMILY = "1,2";
				TEST_TARGET_NAME = progry;
			};
			name = Release;
		};
/* End XCBuildConfiguration section */

/* Begin XCConfigurationList section */
		0A3D98F028078A4D00C0708A /* Build configuration list for PBXProject "progry" */ = {
			isa = XCConfigurationList;
			buildConfigurations = (
				0A3D991D28078A4E00C0708A /* Debug */,
				0A3D991E28078A4E00C0708A /* Release */,
			);
			defaultConfigurationIsVisible = 0;
			defaultConfigurationName = Release;
		};
		0A3D991F28078A4E00C0708A /* Build configuration list for PBXNativeTarget "progry" */ = {
			isa = XCConfigurationList;
			buildConfigurations = (
				0A3D992028078A4E00C0708A /* Debug */,
				0A3D992128078A4E00C0708A /* Release */,
			);
			defaultConfigurationIsVisible = 0;
			defaultConfigurationName = Release;
		};
		0A3D992228078A4E00C0708A /* Build configuration list for PBXNativeTarget "progryTests" */ = {
			isa = XCConfigurationList;
			buildConfigurations = (
				0A3D992328078A4E00C0708A /* Debug */,
				0A3D992428078A4E00C0708A /* Release */,
			);
			defaultConfigurationIsVisible = 0;
			defaultConfigurationName = Release;
		};
		0A3D992528078A4E00C0708A /* Build configuration list for PBXNativeTarget "progryUITests" */ = {
			isa = XCConfigurationList;
			buildConfigurations = (
				0A3D992628078A4E00C0708A /* Debug */,
				0A3D992728078A4E00C0708A /* Release */,
			);
			defaultConfigurationIsVisible = 0;
			defaultConfigurationName = Release;
		};
/* End XCConfigurationList section */
	};
	rootObject = 0A3D98ED28078A4D00C0708A /* Project object */;
}
